
Microsoft Visual Studio Solution File, Format Version 11.00
# Visual Studio 2010
Project("{FAE04EC0-301F-11D3-BF4B-00C04F79EFBC}") = "Server", "Server\Server.csproj", "{155031E6-06C5-45B5-8E71-9A607FCE2AAD}"
EndProject
Global
	GlobalSection(SolutionConfigurationPlatforms) = preSolution
		Debug|x86 = Debug|x86
		Release|x86 = Release|x86
	EndGlobalSection
	GlobalSection(ProjectConfigurationPlatforms) = postSolution
		{155031E6-06C5-45B5-8E71-9A607FCE2AAD}.Debug|x86.ActiveCfg = Debug|x86
		{155031E6-06C5-45B5-8E71-9A607FCE2AAD}.Debug|x86.Build.0 = Debug|x86
		{155031E6-06C5-45B5-8E71-9A607FCE2AAD}.Release|x86.ActiveCfg = Release|x86
		{155031E6-06C5-45B5-8E71-9A607FCE2AAD}.Release|x86.Build.0 = Release|x86
	EndGlobalSection
	GlobalSection(SolutionProperties) = preSolution
		HideSolutionNode = FALSE
	EndGlobalSection
EndGlobal
